# This file is @generated by PDM.
# It is not intended for manual editing.

[metadata]
groups = ["default"]
strategy = ["inherit_metadata"]
lock_version = "4.5.0"
content_hash = "sha256:dbf0f9df710d7b7c13a41b468b0f636ba9cd3c137c0c4209c7b49ff42747f97e"

[[metadata.targets]]
requires_python = "==3.11.*"

[[package]]
name = "aiosqlite"
version = "0.20.0"
requires_python = ">=3.8"
summary = "asyncio bridge to the standard sqlite3 module"
groups = ["default"]
dependencies = [
    "typing-extensions>=4.0",
]
files = [
    {file = "aiosqlite-0.20.0-py3-none-any.whl", hash = "sha256:36a1deaca0cac40ebe32aac9977a6e2bbc7f5189f23f4a54d5908986729e5bd6"},
    {file = "aiosqlite-0.20.0.tar.gz", hash = "sha256:6d35c8c256637f4672f843c31021464090805bf925385ac39473fb16eaaca3d7"},
]

[[package]]
name = "annotated-doc"
version = "0.0.4"
requires_python = ">=3.8"
summary = "Document parameters, class attributes, return types, and variables inline, with Annotated."
groups = ["default"]
files = [
    {file = "annotated_doc-0.0.4-py3-none-any.whl", hash = "sha256:571ac1dc6991c450b25a9c2d84a3705e2ae7a53467b5d111c24fa8baabbed320"},
    {file = "annotated_doc-0.0.4.tar.gz", hash = "sha256:fbcda96e87e9c92ad167c2e53839e57503ecfda18804ea28102353485033faa4"},
]

[[package]]
name = "annotated-types"
version = "0.7.0"
requires_python = ">=3.8"
summary = "Reusable constraint types to use with typing.Annotated"
groups = ["default"]
dependencies = [
    "typing-extensions>=4.0.0; python_version < \"3.9\"",
]
files = [
    {file = "annotated_types-0.7.0-py3-none-any.whl", hash = "sha256:1f02e8b43a8fbbc3f3e0d4f0f4bfc8131bcb4eebe8849b8e5c773f3a1c582a53"},
    {file = "annotated_types-0.7.0.tar.gz", hash = "sha256:aff07c09a53a08bc8cfccb9c85b05f1aa9a2a6f23728d790723543408344ce89"},
]

[[package]]
name = "anthropic"
version = "0.83.0"
requires_python = ">=3.9"
summary = "The official Python library for the anthropic API"
groups = ["default"]
dependencies = [
    "anyio<5,>=3.5.0",
    "distro<2,>=1.7.0",
    "docstring-parser<1,>=0.15",
    "httpx<1,>=0.25.0",
    "jiter<1,>=0.4.0",
    "pydantic<3,>=1.9.0",
    "sniffio",
    "typing-extensions<5,>=4.10",
]
files = [
    {file = "anthropic-0.83.0-py3-none-any.whl", hash = "sha256:f069ef508c73b8f9152e8850830d92bd5ef185645dbacf234bb213344a274810"},
    {file = "anthropic-0.83.0.tar.gz", hash = "sha256:a8732c68b41869266c3034541a31a29d8be0f8cd0a714f9edce3128b351eceb4"},
]

[[package]]
name = "anyio"
version = "4.12.1"
requires_python = ">=3.9"
summary = "High-level concurrency and networking framework on top of asyncio or Trio"
groups = ["default"]
dependencies = [
    "exceptiongroup>=1.0.2; python_version < \"3.11\"",
    "idna>=2.8",
    "typing-extensions>=4.5; python_version < \"3.13\"",
]
files = [
    {file = "anyio-4.12.1-py3-none-any.whl", hash = "sha256:d405828884fc140aa80a3c667b8beed277f1dfedec42ba031bd6ac3db606ab6c"},
    {file = "anyio-4.12.1.tar.gz", hash = "sha256:41cfcc3a4c85d3f05c932da7c26d0201ac36f72abd4435ba90d0464a3ffed703"},
]

[[package]]
name = "backoff"
version = "2.2.1"
requires_python = ">=3.7,<4.0"
summary = "Function decoration for backoff and retry"
groups = ["default"]
files = [
    {file = "backoff-2.2.1-py3-none-any.whl", hash = "sha256:63579f9a0628e06278f7e47b7d7d5b6ce20dc65c5e96a6f3ca99a6adca0396e8"},
    {file = "backoff-2.2.1.tar.gz", hash = "sha256:03f829f5bb1923180821643f8753b0502c3b682293992485b0eef2807afa5cba"},
]

[[package]]
name = "certifi"
version = "2026.1.4"
requires_python = ">=3.7"
summary = "Python package for providing Mozilla's CA Bundle."
groups = ["default"]
files = [
    {file = "certifi-2026.1.4-py3-none-any.whl", hash = "sha256:9943707519e4add1115f44c2bc244f782c0249876bf51b6599fee1ffbedd685c"},
    {file = "certifi-2026.1.4.tar.gz", hash = "sha256:ac726dd470482006e014ad384921ed6438c457018f4b3d204aea4281258b2120"},
]

[[package]]
name = "charset-normalizer"
version = "3.4.4"
requires_python = ">=3.7"
summary = "The Real First Universal Charset Detector. Open, modern and actively maintained alternative to Chardet."
groups = ["default"]
files = [
    {file = "charset_normalizer-3.4.4-cp311-cp311-macosx_10_9_universal2.whl", hash = "sha256:6e1fcf0720908f200cd21aa4e6750a48ff6ce4afe7ff5a79a90d5ed8a08296f8"},
    {file = "charset_normalizer-3.4.4-cp311-cp311-manylinux2014_aarch64.manylinux_2_17_aarch64.manylinux_2_28_aarch64.whl", hash = "sha256:5f819d5fe9234f9f82d75bdfa9aef3a3d72c4d24a6e57aeaebba32a704553aa0"},
    {file = "charset_normalizer-3.4.4-cp311-cp311-manylinux2014_armv7l.manylinux_2_17_armv7l.manylinux_2_31_armv7l.whl", hash = "sha256:a59cb51917aa591b1c4e6a43c132f0cdc3c76dbad6155df4e28ee626cc77a0a3"},
    {file = "charset_normalizer-3.4.4-cp311-cp311-manylinux2014_ppc64le.manylinux_2_17_ppc64le.manylinux_2_28_ppc64le.whl", hash = "sha256:8ef3c867360f88ac904fd3f5e1f902f13307af9052646963ee08ff4f131adafc"},
    {file = "charset_normalizer-3.4.4-cp311-cp311-manylinux2014_s390x.manylinux_2_17_s390x.manylinux_2_28_s390x.whl", hash = "sha256:d9e45d7faa48ee908174d8fe84854479ef838fc6a705c9315372eacbc2f02897"},
    {file = "charset_normalizer-3.4.4-cp311-cp311-manylinux2014_x86_64.manylinux_2_17_x86_64.manylinux_2_28_x86_64.whl", hash = "sha256:840c25fb618a231545cbab0564a799f101b63b9901f2569faecd6b222ac72381"},
    {file = "charset_normalizer-3.4.4-cp311-cp311-manylinux_2_31_riscv64.manylinux_2_39_riscv64.whl", hash = "sha256:ca5862d5b3928c4940729dacc329aa9102900382fea192fc5e52eb69d6093815"},
    {file = "charset_normalizer-3.4.4-cp311-cp311-musllinux_1_2_aarch64.whl", hash = "sha256:d9c7f57c3d666a53421049053eaacdd14bbd0a528e2186fcb2e672effd053bb0"},
    {file = "charset_normalizer-3.4.4-cp311-cp311-musllinux_1_2_armv7l.whl", hash = "sha256:277e970e750505ed74c832b4bf75dac7476262ee2a013f5574dd49075879e161"},
    {file = "charset_normalizer-3.4.4-cp311-cp311-musllinux_1_2_ppc64le.whl", hash = "sha256:31fd66405eaf47bb62e8cd575dc621c56c668f27d46a61d975a249930dd5e2a4"},
    {file = "charset_normalizer-3.4.4-cp311-cp311-musllinux_1_2_riscv64.whl", hash = "sha256:0d3d8f15c07f86e9ff82319b3d9ef6f4bf907608f53fe9d92b28ea9ae3d1fd89"},
    {file = "charset_normalizer-3.4.4-cp311-cp311-musllinux_1_2_s390x.whl", hash = "sha256:9f7fcd74d410a36883701fafa2482a6af2ff5ba96b9a620e9e0721e28ead5569"},
    {file = "charset_normalizer-3.4.4-cp311-cp311-musllinux_1_2_x86_64.whl", hash = "sha256:ebf3e58c7ec8a8bed6d66a75d7fb37b55e5015b03ceae72a8e7c74495551e224"},
    {file = "charset_normalizer-3.4.4-cp311-cp311-win32.whl", hash = "sha256:eecbc200c7fd5ddb9a7f16c7decb07b566c29fa2161a16cf67b8d068bd21690a"},
    {file = "charset_normalizer-3.4.4-cp311-cp311-win_amd64.whl", hash = "sha256:5ae497466c7901d54b639cf42d5b8c1b6a4fead55215500d2f486d34db48d016"},
    {file = "charset_normalizer-3.4.4-cp311-cp311-win_arm64.whl", hash = "sha256:65e2befcd84bc6f37095f5961e68a6f077bf44946771354a28ad434c2cce0ae1"},
    {file = "charset_normalizer-3.4.4-py3-none-any.whl", hash = "sha256:7a32c560861a02ff789ad905a2fe94e3f840803362c84fecf1851cb4cf3dc37f"},
    {file = "charset_normalizer-3.4.4.tar.gz", hash = "sha256:94537985111c35f28720e43603b8e7b43a6ecfb2ce1d3058bbe955b73404e21a"},
]

[[package]]
name = "click"
version = "8.3.1"
requires_python = ">=3.10"
summary = "Composable command line interface toolkit"
groups = ["default"]
dependencies = [
    "colorama; platform_system == \"Windows\"",
]
files = [
    {file = "click-8.3.1-py3-none-any.whl", hash = "sha256:981153a64e25f12d547d3426c367a4857371575ee7ad18df2a6183ab0545b2a6"},
    {file = "click-8.3.1.tar.gz", hash = "sha256:12ff4785d337a1bb490bb7e9c2b1ee5da3112e94a8622f26a6c77f5d2fc6842a"},
]

[[package]]
name = "colorama"
version = "0.4.6"
requires_python = "!=3.0.*,!=3.1.*,!=3.2.*,!=3.3.*,!=3.4.*,!=3.5.*,!=3.6.*,>=2.7"
summary = "Cross-platform colored terminal text."
groups = ["default"]
marker = "sys_platform == \"win32\" or platform_system == \"Windows\""
files = [
    {file = "colorama-0.4.6-py2.py3-none-any.whl", hash = "sha256:4f1d9991f5acc0ca119f9d443620b77f9d6b33703e51011c16baf57afb285fc6"},
    {file = "colorama-0.4.6.tar.gz", hash = "sha256:08695f5cb7ed6e0531a20572697297273c47b8cae5a63ffc6d6ed5c201be6e44"},
]

[[package]]
name = "distro"
version = "1.9.0"
requires_python = ">=3.6"
summary = "Distro - an OS platform information API"
groups = ["default"]
files = [
    {file = "distro-1.9.0-py3-none-any.whl", hash = "sha256:7bffd925d65168f85027d8da9af6bddab658135b840670a223589bc0c8ef02b2"},
    {file = "distro-1.9.0.tar.gz", hash = "sha256:2fa77c6fd8940f116ee1d6b94a2f90b13b5ea8d019b98bc8bafdcabcdd9bdbed"},
]

[[package]]
name = "docstring-parser"
version = "0.17.0"
requires_python = ">=3.8"
summary = "Parse Python docstrings in reST, Google and Numpydoc format"
groups = ["default"]
files = [
    {file = "docstring_parser-0.17.0-py3-none-any.whl", hash = "sha256:cf2569abd23dce8099b300f9b4fa8191e9582dda731fd533daf54c4551658708"},
    {file = "docstring_parser-0.17.0.tar.gz", hash = "sha256:583de4a309722b3315439bb31d64ba3eebada841f2e2cee23b99df001434c912"},
]

[[package]]
name = "fastapi"
version = "0.132.0"
requires_python = ">=3.10"
summary = "FastAPI framework, high performance, easy to learn, fast to code, ready for production"
groups = ["default"]
dependencies = [
    "annotated-doc>=0.0.2",
    "pydantic>=2.7.0",
    "starlette<1.0.0,>=0.40.0",
    "typing-extensions>=4.8.0",
    "typing-inspection>=0.4.2",
]
files = [
    {file = "fastapi-0.132.0-py3-none-any.whl", hash = "sha256:3c487d5afce196fa8ea509ae1531e96ccd5cdd2fd6eae78b73e2c20fba706689"},
    {file = "fastapi-0.132.0.tar.gz", hash = "sha256:ef687847936d8a57ea6ea04cf9a85fe5f2c6ba64e22bfa721467094b69d48d92"},
]

[[package]]
name = "h11"
version = "0.16.0"
requires_python = ">=3.8"
summary = "A pure-Python, bring-your-own-I/O implementation of HTTP/1.1"
groups = ["default"]
files = [
    {file = "h11-0.16.0-py3-none-any.whl", hash = "sha256:63cf8bbe7522de3bf65932fda1d9c2772064ffb3dae62d55932da54b31cb6c86"},
    {file = "h11-0.16.0.tar.gz", hash = "sha256:4e35b956cf45792e4caa5885e69fba00bdbc6ffafbfa020300e549b208ee5ff1"},
]

[[package]]
name = "httpcore"
version = "1.0.9"
requires_python = ">=3.8"
summary = "A minimal low-level HTTP client."
groups = ["default"]
dependencies = [
    "certifi",
    "h11>=0.16",
]
files = [
    {file = "httpcore-1.0.9-py3-none-any.whl", hash = "sha256:2d400746a40668fc9dec9810239072b40b4484b640a8c38fd654a024c7a1bf55"},
    {file = "httpcore-1.0.9.tar.gz", hash = "sha256:6e34463af53fd2ab5d807f399a9b45ea31c3dfa2276f15a2c3f00afff6e176e8"},
]

[[package]]
name = "httptools"
version = "0.7.1"
requires_python = ">=3.9"
summary = "A collection of framework independent HTTP protocol utils."
groups = ["default"]
files = [
    {file = "httptools-0.7.1-cp311-cp311-macosx_10_9_universal2.whl", hash = "sha256:474d3b7ab469fefcca3697a10d11a32ee2b9573250206ba1e50d5980910da657"},
    {file = "httptools-0.7.1-cp311-cp311-macosx_11_0_arm64.whl", hash = "sha256:a3c3b7366bb6c7b96bd72d0dbe7f7d5eead261361f013be5f6d9590465ea1c70"},
    {file = "httptools-0.7.1-cp311-cp311-manylinux1_x86_64.manylinux_2_28_x86_64.manylinux_2_5_x86_64.whl", hash = "sha256:379b479408b8747f47f3b253326183d7c009a3936518cdb70db58cffd369d9df"},
    {file = "httptools-0.7.1-cp311-cp311-manylinux2014_aarch64.manylinux_2_17_aarch64.manylinux_2_28_aarch64.whl", hash = "sha256:cad6b591a682dcc6cf1397c3900527f9affef1e55a06c4547264796bbd17cf5e"},
    {file = "httptools-0.7.1-cp311-cp311-musllinux_1_2_aarch64.whl", hash = "sha256:eb844698d11433d2139bbeeb56499102143beb582bd6c194e3ba69c22f25c274"},
    {file = "httptools-0.7.1-cp311-cp311-musllinux_1_2_x86_64.whl", hash = "sha256:f65744d7a8bdb4bda5e1fa23e4ba16832860606fcc09d674d56e425e991539ec"},
    {file = "httptools-0.7.1-cp311-cp311-win_amd64.whl", hash = "sha256:135fbe974b3718eada677229312e97f3b31f8a9c8ffa3ae6f565bf808d5b6bcb"},
    {file = "httptools-0.7.1.tar.gz", hash = "sha256:abd72556974f8e7c74a259655924a717a2365b236c882c3f6f8a45fe94703ac9"},
]

[[package]]
name = "httpx"
version = "0.28.1"
requires_python = ">=3.8"
summary = "The next generation HTTP client."
groups = ["default"]
dependencies = [
    "anyio",
    "certifi",
    "httpcore==1.*",
    "idna",
]
files = [
    {file = "httpx-0.28.1-py3-none-any.whl", hash = "sha256:d909fcccc110f8c7faf814ca82a9a4d816bc5a6dbfea25d6591d6985b8ba59ad"},
    {file = "httpx-0.28.1.tar.gz", hash = "sha256:75e98c5f16b0f35b567856f597f06ff2270a374470a5c2392242528e3e3e42fc"},
]

[[package]]
name = "idna"
version = "3.11"
requires_python = ">=3.8"
summary = "Internationalized Domain Names in Applications (IDNA)"
groups = ["default"]
files = [
    {file = "idna-3.11-py3-none-any.whl", hash = "sha256:771a87f49d9defaf64091e6e6fe9c18d4833f140bd19464795bc32d966ca37ea"},
    {file = "idna-3.11.tar.gz", hash = "sha256:795dafcc9c04ed0c1fb032c2aa73654d8e8c5023a7df64a53f39190ada629902"},
]

[[package]]
name = "jiter"
version = "0.13.0"
requires_python = ">=3.9"
summary = "Fast iterable JSON parser."
groups = ["default"]
files = [
    {file = "jiter-0.13.0-cp311-cp311-macosx_10_12_x86_64.whl", hash = "sha256:ea026e70a9a28ebbdddcbcf0f1323128a8db66898a06eaad3a4e62d2f554d096"},
    {file = "jiter-0.13.0-cp311-cp311-macosx_11_0_arm64.whl", hash = "sha256:66aa3e663840152d18cc8ff1e4faad3dd181373491b9cfdc6004b92198d67911"},
    {file = "jiter-0.13.0-cp311-cp311-manylinux_2_17_aarch64.manylinux2014_aarch64.whl", hash = "sha256:c3524798e70655ff19aec58c7d05adb1f074fecff62da857ea9be2b908b6d701"},
    {file = "jiter-0.13.0-cp311-cp311-manylinux_2_17_armv7l.manylinux2014_armv7l.whl", hash = "sha256:ec7e287d7fbd02cb6e22f9a00dd9c9cd504c40a61f2c61e7e1f9690a82726b4c"},
    {file = "jiter-0.13.0-cp311-cp311-manylinux_2_17_ppc64le.manylinux2014_ppc64le.whl", hash = "sha256:47455245307e4debf2ce6c6e65a717550a0244231240dcf3b8f7d64e4c2f22f4"},
    {file = "jiter-0.13.0-cp311-cp311-manylinux_2_17_s390x.manylinux2014_s390x.whl", hash = "sha256:ee9da221dca6e0429c2704c1b3655fe7b025204a71d4d9b73390c759d776d165"},
    {file = "jiter-0.13.0-cp311-cp311-manylinux_2_17_x86_64.manylinux2014_x86_64.whl", hash = "sha256:24ab43126d5e05f3d53a36a8e11eb2f23304c6c1117844aaaf9a0aa5e40b5018"},
    {file = "jiter-0.13.0-cp311-cp311-manylinux_2_5_i686.manylinux1_i686.whl", hash = "sha256:9da38b4fedde4fb528c740c2564628fbab737166a0e73d6d46cb4bb5463ff411"},
    {file = "jiter-0.13.0-cp311-cp311-musllinux_1_1_aarch64.whl", hash = "sha256:0b34c519e17658ed88d5047999a93547f8889f3c1824120c26ad6be5f27b6cf5"},
    {file = "jiter-0.13.0-cp311-cp311-musllinux_1_1_x86_64.whl", hash = "sha256:d2a6394e6af690d462310a86b53c47ad75ac8c21dc79f120714ea449979cb1d3"},
    {file = "jiter-0.13.0-cp311-cp311-win32.whl", hash = "sha256:0f0c065695f616a27c920a56ad0d4fc46415ef8b806bf8fc1cacf25002bd24e1"},
    {file = "jiter-0.13.0-cp311-cp311-win_amd64.whl", hash = "sha256:0733312953b909688ae3c2d58d043aa040f9f1a6a75693defed7bc2cc4bf2654"},
    {file = "jiter-0.13.0-cp311-cp311-win_arm64.whl", hash = "sha256:5d9b34ad56761b3bf0fbe8f7e55468704107608512350962d3317ffd7a4382d5"},
    {file = "jiter-0.13.0.tar.gz", hash = "sha256:f2839f9c2c7e2dffc1bc5929a510e14ce0a946be9365fd1219e7ef342dae14f4"},
]

[[package]]
name = "langfuse"
version = "2.58.0"
requires_python = "<4.0,>=3.9"
summary = "A client library for accessing langfuse"
groups = ["default"]
dependencies = [
    "anyio<5.0.0,>=4.4.0",
    "backoff>=1.10.0",
    "httpx<1.0,>=0.15.4",
    "idna<4.0,>=3.7",
    "packaging<25.0,>=23.2",
    "pydantic<3.0,>=1.10.7",
    "requests<3,>=2",
    "wrapt<2.0,>=1.14",
]
files = [
    {file = "langfuse-2.58.0-py3-none-any.whl", hash = "sha256:6b06e8c884a25f4005d63ed65545f9cf2805c9f1963436248e818b04b520a2d6"},
    {file = "langfuse-2.58.0.tar.gz", hash = "sha256:134d9b3bd65edc5813f691b7c20057a44a9b23b78dca980756470bfae2de5a35"},
]

[[package]]
name = "numpy"
version = "2.4.2"
requires_python = ">=3.11"
summary = "Fundamental package for array computing in Python"
groups = ["default"]
marker = "python_version < \"3.14\""
files = [
    {file = "numpy-2.4.2-cp311-cp311-macosx_10_9_x86_64.whl", hash = "sha256:e7e88598032542bd49af7c4747541422884219056c268823ef6e5e89851c8825"},
    {file = "numpy-2.4.2-cp311-cp311-macosx_11_0_arm64.whl", hash = "sha256:7edc794af8b36ca37ef5fcb5e0d128c7e0595c7b96a2318d1badb6fcd8ee86b1"},
    {file = "numpy-2.4.2-cp311-cp311-macosx_14_0_arm64.whl", hash = "sha256:6e9f61981ace1360e42737e2bae58b27bf28a1b27e781721047d84bd754d32e7"},
    {file = "numpy-2.4.2-cp311-cp311-macosx_14_0_x86_64.whl", hash = "sha256:cb7bbb88aa74908950d979eeaa24dbdf1a865e3c7e45ff0121d8f70387b55f73"},
    {file = "numpy-2.4.2-cp311-cp311-manylinux_2_27_aarch64.manylinux_2_28_aarch64.whl", hash = "sha256:4f069069931240b3fc703f1e23df63443dbd6390614c8c44a87d96cd0ec81eb1"},
    {file = "numpy-2.4.2-cp311-cp311-manylinux_2_27_x86_64.manylinux_2_28_x86_64.whl", hash = "sha256:c02ef4401a506fb60b411467ad501e1429a3487abca4664871d9ae0b46c8ba32"},
    {file = "numpy-2.4.2-cp311-cp311-musllinux_1_2_aarch64.whl", hash = "sha256:2653de5c24910e49c2b106499803124dde62a5a1fe0eedeaecf4309a5f639390"},
    {file = "numpy-2.4.2-cp311-cp311-musllinux_1_2_x86_64.whl", hash = "sha256:1ae241bbfc6ae276f94a170b14785e561cb5e7f626b6688cf076af4110887413"},
    {file = "numpy-2.4.2-cp311-cp311-win32.whl", hash = "sha256:df1b10187212b198dd45fa943d8985a3c8cf854aed4923796e0e019e113a1bda"},
    {file = "numpy-2.4.2-cp311-cp311-win_amd64.whl", hash = "sha256:b9c618d56a29c9cb1c4da979e9899be7578d2e0b3c24d52079c166324c9e8695"},
    {file = "numpy-2.4.2-cp311-cp311-win_arm64.whl", hash = "sha256:47c5a6ed21d9452b10227e5e8a0e1c22979811cad7dcc19d8e3e2fb8fa03f1a3"},
    {file = "numpy-2.4.2-pp311-pypy311_pp73-macosx_10_15_x86_64.whl", hash = "sha256:89f7268c009bc492f506abd6f5265defa7cb3f7487dc21d357c3d290add45082"},
    {file = "numpy-2.4.2-pp311-pypy311_pp73-macosx_11_0_arm64.whl", hash = "sha256:e6dee3bb76aa4009d5a912180bf5b2de012532998d094acee25d9cb8dee3e44a"},
    {file = "numpy-2.4.2-pp311-pypy311_pp73-macosx_14_0_arm64.whl", hash = "sha256:cd2bd2bbed13e213d6b55dc1d035a4f91748a7d3edc9480c13898b0353708920"},
    {file = "numpy-2.4.2-pp311-pypy311_pp73-macosx_14_0_x86_64.whl", hash = "sha256:cf28c0c1d4c4bf00f509fa7eb02c58d7caf221b50b467bcb0d9bbf1584d5c821"},
    {file = "numpy-2.4.2-pp311-pypy311_pp73-manylinux_2_27_aarch64.manylinux_2_28_aarch64.whl", hash = "sha256:e04ae107ac591763a47398bb45b568fc38f02dbc4aa44c063f67a131f99346cb"},
    {file = "numpy-2.4.2-pp311-pypy311_pp73-manylinux_2_27_x86_64.manylinux_2_28_x86_64.whl", hash = "sha256:602f65afdef699cda27ec0b9224ae5dc43e328f4c24c689deaf77133dbee74d0"},
    {file = "numpy-2.4.2-pp311-pypy311_pp73-win_amd64.whl", hash = "sha256:be71bf1edb48ebbbf7f6337b5bfd2f895d1902f6335a5830b20141fc126ffba0"},
    {file = "numpy-2.4.2.tar.gz", hash = "sha256:659a6107e31a83c4e33f763942275fd278b21d095094044eb35569e86a21ddae"},
]

[[package]]
name = "packaging"
version = "24.2"
requires_python = ">=3.8"
summary = "Core utilities for Python packages"
groups = ["default"]
files = [
    {file = "packaging-24.2-py3-none-any.whl", hash = "sha256:09abb1bccd265c01f4a3aa3f7a7db064b36514d2cba19a2f694fe6150451a759"},
    {file = "packaging-24.2.tar.gz", hash = "sha256:c228a6dc5e932d346bc5739379109d49e8853dd8223571c7c5b55260edc0b97f"},
]

[[package]]
name = "pandas"
version = "3.0.1"
requires_python = ">=3.11"
summary = "Powerful data structures for data analysis, time series, and statistics"
groups = ["default"]
dependencies = [
    "numpy>=1.26.0; python_version < \"3.14\"",
    "numpy>=2.3.3; python_version >= \"3.14\"",
    "python-dateutil>=2.8.2",
    "tzdata; sys_platform == \"emscripten\"",
    "tzdata; sys_platform == \"win32\"",
]
files = [
    {file = "pandas-3.0.1-cp311-cp311-macosx_10_9_x86_64.whl", hash = "sha256:de09668c1bf3b925c07e5762291602f0d789eca1b3a781f99c1c78f6cac0e7ea"},
    {file = "pandas-3.0.1-cp311-cp311-macosx_11_0_arm64.whl", hash = "sha256:24ba315ba3d6e5806063ac6eb717504e499ce30bd8c236d8693a5fd3f084c796"},
    {file = "pandas-3.0.1-cp311-cp311-manylinux_2_24_aarch64.manylinux_2_28_aarch64.whl", hash = "sha256:406ce835c55bac912f2a0dcfaf27c06d73c6b04a5dde45f1fd3169ce31337389"},
    {file = "pandas-3.0.1-cp311-cp311-manylinux_2_24_x86_64.manylinux_2_28_x86_64.whl", hash = "sha256:830994d7e1f31dd7e790045235605ab61cff6c94defc774547e8b7fdfbff3dc7"},
    {file = "pandas-3.0.1-cp311-cp311-musllinux_1_2_aarch64.whl", hash = "sha256:a64ce8b0f2de1d2efd2ae40b0abe7f8ae6b29fbfb3812098ed5a6f8e235ad9bf"},
    {file = "pandas-3.0.1-cp311-cp311-musllinux_1_2_x86_64.whl", hash = "sha256:9832c2c69da24b602c32e0c7b1b508a03949c18ba08d4d9f1c1033426685b447"},
    {file = "pandas-3.0.1-cp311-cp311-win_amd64.whl", hash = "sha256:84f0904a69e7365f79a0c77d3cdfccbfb05bf87847e3a51a41e1426b0edb9c79"},
    {file = "pandas-3.0.1-cp311-cp311-win_arm64.whl", hash = "sha256:4a68773d5a778afb31d12e34f7dd4612ab90de8c6fb1d8ffe5d4a03b955082a1"},
    {file = "pandas-3.0.1.tar.gz", hash = "sha256:4186a699674af418f655dbd420ed87f50d56b4cd6603784279d9eef6627823c8"},
]

[[package]]
name = "pydantic"
version = "2.10.4"
requires_python = ">=3.8"
summary = "Data validation using Python type hints"
groups = ["default"]
dependencies = [
    "annotated-types>=0.6.0",
    "pydantic-core==2.27.2",
    "typing-extensions>=4.12.2",
]
files = [
    {file = "pydantic-2.10.4-py3-none-any.whl", hash = "sha256:597e135ea68be3a37552fb524bc7d0d66dcf93d395acd93a00682f1efcb8ee3d"},
    {file = "pydantic-2.10.4.tar.gz", hash = "sha256:82f12e9723da6de4fe2ba888b5971157b3be7ad914267dea8f05f82b28254f06"},
]

[[package]]
name = "pydantic-core"
version = "2.27.2"
requires_python = ">=3.8"
summary = "Core functionality for Pydantic validation and serialization"
groups = ["default"]
dependencies = [
    "typing-extensions!=4.7.0,>=4.6.0",
]
files = [
    {file = "pydantic_core-2.27.2-cp311-cp311-macosx_10_12_x86_64.whl", hash = "sha256:8e10c99ef58cfdf2a66fc15d66b16c4a04f62bca39db589ae8cba08bc55331bc"},
    {file = "pydantic_core-2.27.2-cp311-cp311-macosx_11_0_arm64.whl", hash = "sha256:26f32e0adf166a84d0cb63be85c562ca8a6fa8de28e5f0d92250c6b7e9e2aff7"},
    {file = "pydantic_core-2.27.2-cp311-cp311-manylinux_2_17_aarch64.manylinux2014_aarch64.whl", hash = "sha256:8c19d1ea0673cd13cc2f872f6c9ab42acc4e4f492a7ca9d3795ce2b112dd7e15"},
    {file = "pydantic_core-2.27.2-cp311-cp311-manylinux_2_17_armv7l.manylinux2014_armv7l.whl", hash = "sha256:5e68c4446fe0810e959cdff46ab0a41ce2f2c86d227d96dc3847af0ba7def306"},
    {file = "pydantic_core-2.27.2-cp311-cp311-manylinux_2_17_ppc64le.manylinux2014_ppc64le.whl", hash = "sha256:d9640b0059ff4f14d1f37321b94061c6db164fbe49b334b31643e0528d100d99"},
    {file = "pydantic_core-2.27.2-cp311-cp311-manylinux_2_17_s390x.manylinux2014_s390x.whl", hash = "sha256:40d02e7d45c9f8af700f3452f329ead92da4c5f4317ca9b896de7ce7199ea459"},
    {file = "pydantic_core-2.27.2-cp311-cp311-manylinux_2_17_x86_64.manylinux2014_x86_64.whl", hash = "sha256:1c1fd185014191700554795c99b347d64f2bb637966c4cfc16998a0ca700d048"},
    {file = "pydantic_core-2.27.2-cp311-cp311-manylinux_2_5_i686.manylinux1_i686.whl", hash = "sha256:d81d2068e1c1228a565af076598f9e7451712700b673de8f502f0334f281387d"},
    {file = "pydantic_core-2.27.2-cp311-cp311-musllinux_1_1_aarch64.whl", hash = "sha256:1a4207639fb02ec2dbb76227d7c751a20b1a6b4bc52850568e52260cae64ca3b"},
    {file = "pydantic_core-2.27.2-cp311-cp311-musllinux_1_1_armv7l.whl", hash = "sha256:3de3ce3c9ddc8bbd88f6e0e304dea0e66d843ec9de1b0042b0911c1663ffd474"},
    {file = "pydantic_core-2.27.2-cp311-cp311-musllinux_1_1_x86_64.whl", hash = "sha256:30c5f68ded0c36466acede341551106821043e9afaad516adfb6e8fa80a4e6a6"},
    {file = "pydantic_core-2.27.2-cp311-cp311-win32.whl", hash = "sha256:c70c26d2c99f78b125a3459f8afe1aed4d9687c24fd677c6a4436bc042e50d6c"},
    {file = "pydantic_core-2.27.2-cp311-cp311-win_amd64.whl", hash = "sha256:08e125dbdc505fa69ca7d9c499639ab6407cfa909214d500897d02afb816e7cc"},
    {file = "pydantic_core-2.27.2-cp311-cp311-win_arm64.whl", hash = "sha256:26f0d68d4b235a2bae0c3fc585c585b4ecc51382db0e3ba402a22cbc440915e4"},
    {file = "pydantic_core-2.27.2.tar.gz", hash = "sha256:eb026e5a4c1fee05726072337ff51d1efb6f59090b7da90d30ea58625b1ffb39"},
]

[[package]]
name = "python-dateutil"
version = "2.9.0.post0"
requires_python = "!=3.0.*,!=3.1.*,!=3.2.*,>=2.7"
summary = "Extensions to the standard Python datetime module"
groups = ["default"]
dependencies = [
    "six>=1.5",
]
files = [
    {file = "python-dateutil-2.9.0.post0.tar.gz", hash = "sha256:37dd54208da7e1cd875388217d5e00ebd4179249f90fb72437e91a35459a0ad3"},
    {file = "python_dateutil-2.9.0.post0-py2.py3-none-any.whl", hash = "sha256:a8b2bc7bffae282281c8140a97d3aa9c14da0b136dfe83f850eea9a5f7470427"},
]

[[package]]
name = "python-dotenv"
version = "1.0.1"
requires_python = ">=3.8"
summary = "Read key-value pairs from a .env file and set them as environment variables"
groups = ["default"]
files = [
    {file = "python-dotenv-1.0.1.tar.gz", hash = "sha256:e324ee90a023d808f1959c46bcbc04446a10ced277783dc6ee09987c37ec10ca"},
    {file = "python_dotenv-1.0.1-py3-none-any.whl", hash = "sha256:f7b63ef50f1b690dddf550d03497b66d609393b40b564ed0d674909a68ebf16a"},
]

[[package]]
name = "pyyaml"
version = "6.0.3"
requires_python = ">=3.8"
summary = "YAML parser and emitter for Python"
groups = ["default"]
files = [
    {file = "pyyaml-6.0.3-cp311-cp311-macosx_10_13_x86_64.whl", hash = "sha256:44edc647873928551a01e7a563d7452ccdebee747728c1080d881d68af7b997e"},
    {file = "pyyaml-6.0.3-cp311-cp311-macosx_11_0_arm64.whl", hash = "sha256:652cb6edd41e718550aad172851962662ff2681490a8a711af6a4d288dd96824"},
    {file = "pyyaml-6.0.3-cp311-cp311-manylinux2014_aarch64.manylinux_2_17_aarch64.manylinux_2_28_aarch64.whl", hash = "sha256:10892704fc220243f5305762e276552a0395f7beb4dbf9b14ec8fd43b57f126c"},
    {file = "pyyaml-6.0.3-cp311-cp311-manylinux2014_s390x.manylinux_2_17_s390x.manylinux_2_28_s390x.whl", hash = "sha256:850774a7879607d3a6f50d36d04f00ee69e7fc816450e5f7e58d7f17f1ae5c00"},
    {file = "pyyaml-6.0.3-cp311-cp311-manylinux2014_x86_64.manylinux_2_17_x86_64.manylinux_2_28_x86_64.whl", hash = "sha256:b8bb0864c5a28024fac8a632c443c87c5aa6f215c0b126c449ae1a150412f31d"},
    {file = "pyyaml-6.0.3-cp311-cp311-musllinux_1_2_aarch64.whl", hash = "sha256:1d37d57ad971609cf3c53ba6a7e365e40660e3be0e5175fa9f2365a379d6095a"},
    {file = "pyyaml-6.0.3-cp311-cp311-musllinux_1_2_x86_64.whl", hash = "sha256:37503bfbfc9d2c40b344d06b2199cf0e96e97957ab1c1b546fd4f87e53e5d3e4"},
    {file = "pyyaml-6.0.3-cp311-cp311-win32.whl", hash = "sha256:8098f252adfa6c80ab48096053f512f2321f0b998f98150cea9bd23d83e1467b"},
    {file = "pyyaml-6.0.3-cp311-cp311-win_amd64.whl", hash = "sha256:9f3bfb4965eb874431221a3ff3fdcddc7e74e3b07799e0e84ca4a0f867d449bf"},
    {file = "pyyaml-6.0.3.tar.gz", hash = "sha256:d76623373421df22fb4cf8817020cbb7ef15c725b9d5e45f17e189bfc384190f"},
]

[[package]]
name = "rapidfuzz"
version = "3.14.3"
requires_python = ">=3.10"
summary = "rapid fuzzy string matching"
groups = ["default"]
files = [
    {file = "rapidfuzz-3.14.3-cp311-cp311-macosx_10_9_x86_64.whl", hash = "sha256:dea2d113e260a5da0c4003e0a5e9fdf24a9dc2bb9eaa43abd030a1e46ce7837d"},
    {file = "rapidfuzz-3.14.3-cp311-cp311-macosx_11_0_arm64.whl", hash = "sha256:e6c31a4aa68cfa75d7eede8b0ed24b9e458447db604c2db53f358be9843d81d3"},
    {file = "rapidfuzz-3.14.3-cp311-cp311-manylinux_2_26_aarch64.manylinux_2_28_aarch64.whl", hash = "sha256:02821366d928e68ddcb567fed8723dad7ea3a979fada6283e6914d5858674850"},
    {file = "rapidfuzz-3.14.3-cp311-cp311-manylinux_2_27_x86_64.manylinux_2_28_x86_64.whl", hash = "sha256:cfe8df315ab4e6db4e1be72c5170f8e66021acde22cd2f9d04d2058a9fd8162e"},
    {file = "rapidfuzz-3.14.3-cp311-cp311-manylinux_2_31_armv7l.whl", hash = "sha256:769f31c60cd79420188fcdb3c823227fc4a6deb35cafec9d14045c7f6743acae"},
    {file = "rapidfuzz-3.14.3-cp311-cp311-musllinux_1_2_aarch64.whl", hash = "sha256:54fa03062124e73086dae66a3451c553c1e20a39c077fd704dc7154092c34c63"},
    {file = "rapidfuzz-3.14.3-cp311-cp311-musllinux_1_2_armv7l.whl", hash = "sha256:834d1e818005ed0d4ae38f6b87b86fad9b0a74085467ece0727d20e15077c094"},
    {file = "rapidfuzz-3.14.3-cp311-cp311-musllinux_1_2_x86_64.whl", hash = "sha256:948b00e8476a91f510dd1ec07272efc7d78c275d83b630455559671d4e33b678"},
    {file = "rapidfuzz-3.14.3-cp311-cp311-win32.whl", hash = "sha256:43d0305c36f504232f18ea04e55f2059bb89f169d3119c4ea96a0e15b59e2a91"},
    {file = "rapidfuzz-3.14.3-cp311-cp311-win_amd64.whl", hash = "sha256:ef6bf930b947bd0735c550683939a032090f1d688dfd8861d6b45307b96fd5c5"},
    {file = "rapidfuzz-3.14.3-cp311-cp311-win_arm64.whl", hash = "sha256:f3eb0ff3b75d6fdccd40b55e7414bb859a1cda77c52762c9c82b85569f5088e7"},
    {file = "rapidfuzz-3.14.3-pp311-pypy311_pp73-macosx_10_15_x86_64.whl", hash = "sha256:7cf174b52cb3ef5d49e45d0a1133b7e7d0ecf770ed01f97ae9962c5c91d97d23"},
    {file = "rapidfuzz-3.14.3-pp311-pypy311_pp73-macosx_11_0_arm64.whl", hash = "sha256:442cba39957a008dfc5bdef21a9c3f4379e30ffb4e41b8555dbaf4887eca9300"},
    {file = "rapidfuzz-3.14.3-pp311-pypy311_pp73-manylinux_2_26_aarch64.manylinux_2_28_aarch64.whl", hash = "sha256:1faa0f8f76ba75fd7b142c984947c280ef6558b5067af2ae9b8729b0a0f99ede"},
    {file = "rapidfuzz-3.14.3-pp311-pypy311_pp73-manylinux_2_27_x86_64.manylinux_2_28_x86_64.whl", hash = "sha256:1e6eefec45625c634926a9fd46c9e4f31118ac8f3156fff9494422cee45207e6"},
    {file = "rapidfuzz-3.14.3-pp311-pypy311_pp73-win_amd64.whl", hash = "sha256:56fefb4382bb12250f164250240b9dd7772e41c5c8ae976fd598a32292449cc5"},
    {file = "rapidfuzz-3.14.3.tar.gz", hash = "sha256:2491937177868bc4b1e469087601d53f925e8d270ccc21e07404b4b5814b7b5f"},
]

[[package]]
name = "requests"
version = "2.32.5"
requires_python = ">=3.9"
summary = "Python HTTP for Humans."
groups = ["default"]
dependencies = [
    "certifi>=2017.4.17",
    "charset-normalizer<4,>=2",
    "idna<4,>=2.5",
    "urllib3<3,>=1.21.1",
]
files = [
    {file = "requests-2.32.5-py3-none-any.whl", hash = "sha256:2462f94637a34fd532264295e186976db0f5d453d1cdd31473c85a6a161affb6"},
    {file = "requests-2.32.5.tar.gz", hash = "sha256:dbba0bac56e100853db0ea71b82b4dfd5fe2bf6d3754a8893c3af500cec7d7cf"},
]

[[package]]
name = "six"
version = "1.17.0"
requires_python = "!=3.0.*,!=3.1.*,!=3.2.*,>=2.7"
summary = "Python 2 and 3 compatibility utilities"
groups = ["default"]
files = [
    {file = "six-1.17.0-py2.py3-none-any.whl", hash = "sha256:4721f391ed90541fddacab5acf947aa0d3dc7d27b2e1e8eda2be8970586c3274"},
    {file = "six-1.17.0.tar.gz", hash = "sha256:ff70335d468e7eb6ec65b95b99d3a2836546063f63acc5171de367e834932a81"},
]

[[package]]
name = "sniffio"
version = "1.3.1"
requires_python = ">=3.7"
summary = "Sniff out which async library your code is running under"
groups = ["default"]
files = [
    {file = "sniffio-1.3.1-py3-none-any.whl", hash = "sha256:2f6da418d1f1e0fddd844478f41680e794e6051915791a034ff65e5f100525a2"},
    {file = "sniffio-1.3.1.tar.gz", hash = "sha256:f4324edc670a0f49750a81b895f35c3adb843cca46f0530f79fc1babb23789dc"},
]

[[package]]
name = "sse-starlette"
version = "2.2.1"
requires_python = ">=3.9"
summary = "SSE plugin for Starlette"
groups = ["default"]
dependencies = [
    "anyio>=4.7.0",
    "starlette>=0.41.3",
]
files = [
    {file = "sse_starlette-2.2.1-py3-none-any.whl", hash = "sha256:6410a3d3ba0c89e7675d4c273a301d64649c03a5ef1ca101f10b47f895fd0e99"},
    {file = "sse_starlette-2.2.1.tar.gz", hash = "sha256:54470d5f19274aeed6b2d473430b08b4b379ea851d953b11d7f1c4a2c118b419"},
]

[[package]]
name = "starlette"
version = "0.52.1"
requires_python = ">=3.10"
summary = "The little ASGI library that shines."
groups = ["default"]
dependencies = [
    "anyio<5,>=3.6.2",
    "typing-extensions>=4.10.0; python_version < \"3.13\"",
]
files = [
    {file = "starlette-0.52.1-py3-none-any.whl", hash = "sha256:0029d43eb3d273bc4f83a08720b4912ea4b071087a3b48db01b7c839f7954d74"},
    {file = "starlette-0.52.1.tar.gz", hash = "sha256:834edd1b0a23167694292e94f597773bc3f89f362be6effee198165a35d62933"},
]

[[package]]
name = "thefuzz"
version = "0.22.1"
requires_python = ">=3.8"
summary = "Fuzzy string matching in python"
groups = ["default"]
dependencies = [
    "rapidfuzz<4.0.0,>=3.0.0",
]
files = [
    {file = "thefuzz-0.22.1-py3-none-any.whl", hash = "sha256:59729b33556850b90e1093c4cf9e618af6f2e4c985df193fdf3c5b5cf02ca481"},
    {file = "thefuzz-0.22.1.tar.gz", hash = "sha256:7138039a7ecf540da323792d8592ef9902b1d79eb78c147d4f20664de79f3680"},
]

[[package]]
name = "typing-extensions"
version = "4.15.0"
requires_python = ">=3.9"
summary = "Backported and Experimental Type Hints for Python 3.9+"
groups = ["default"]
files = [
    {file = "typing_extensions-4.15.0-py3-none-any.whl", hash = "sha256:f0fa19c6845758ab08074a0cfa8b7aecb71c999ca73d62883bc25cc018c4e548"},
    {file = "typing_extensions-4.15.0.tar.gz", hash = "sha256:0cea48d173cc12fa28ecabc3b837ea3cf6f38c6d1136f85cbaaf598984861466"},
]

[[package]]
name = "typing-inspection"
version = "0.4.2"
requires_python = ">=3.9"
summary = "Runtime typing introspection tools"
groups = ["default"]
dependencies = [
    "typing-extensions>=4.12.0",
]
files = [
    {file = "typing_inspection-0.4.2-py3-none-any.whl", hash = "sha256:4ed1cacbdc298c220f1bd249ed5287caa16f34d44ef4e9c3d0cbad5b521545e7"},
    {file = "typing_inspection-0.4.2.tar.gz", hash = "sha256:ba561c48a67c5958007083d386c3295464928b01faa735ab8547c5692e87f464"},
]

[[package]]
name = "tzdata"
version = "2025.3"
requires_python = ">=2"
summary = "Provider of IANA time zone data"
groups = ["default"]
marker = "sys_platform == \"win32\" or sys_platform == \"emscripten\""
files = [
    {file = "tzdata-2025.3-py2.py3-none-any.whl", hash = "sha256:06a47e5700f3081aab02b2e513160914ff0694bce9947d6b76ebd6bf57cfc5d1"},
    {file = "tzdata-2025.3.tar.gz", hash = "sha256:de39c2ca5dc7b0344f2eba86f49d614019d29f060fc4ebc8a417896a620b56a7"},
]

[[package]]
name = "urllib3"
version = "2.6.3"
requires_python = ">=3.9"
summary = "HTTP library with thread-safe connection pooling, file post, and more."
groups = ["default"]
files = [
    {file = "urllib3-2.6.3-py3-none-any.whl", hash = "sha256:bf272323e553dfb2e87d9bfd225ca7b0f467b919d7bbd355436d3fd37cb0acd4"},
    {file = "urllib3-2.6.3.tar.gz", hash = "sha256:1b62b6884944a57dbe321509ab94fd4d3b307075e0c2eae991ac71ee15ad38ed"},
]

[[package]]
name = "uvicorn"
version = "0.34.0"
requires_python = ">=3.9"
summary = "The lightning-fast ASGI server."
groups = ["default"]
dependencies = [
    "click>=7.0",
    "h11>=0.8",
    "typing-extensions>=4.0; python_version < \"3.11\"",
]
files = [
    {file = "uvicorn-0.34.0-py3-none-any.whl", hash = "sha256:023dc038422502fa28a09c7a30bf2b6991512da7dcdb8fd35fe57cfc154126f4"},
    {file = "uvicorn-0.34.0.tar.gz", hash = "sha256:404051050cd7e905de2c9a7e61790943440b3416f49cb409f965d9dcd0fa73e9"},
]

[[package]]
name = "uvicorn"
version = "0.34.0"
extras = ["standard"]
requires_python = ">=3.9"
summary = "The lightning-fast ASGI server."
groups = ["default"]
dependencies = [
    "colorama>=0.4; sys_platform == \"win32\"",
    "httptools>=0.6.3",
    "python-dotenv>=0.13",
    "pyyaml>=5.1",
    "uvicorn==0.34.0",
    "uvloop!=0.15.0,!=0.15.1,>=0.14.0; (sys_platform != \"cygwin\" and sys_platform != \"win32\") and platform_python_implementation != \"PyPy\"",
    "watchfiles>=0.13",
    "websockets>=10.4",
]
files = [
    {file = "uvicorn-0.34.0-py3-none-any.whl", hash = "sha256:023dc038422502fa28a09c7a30bf2b6991512da7dcdb8fd35fe57cfc154126f4"},
    {file = "uvicorn-0.34.0.tar.gz", hash = "sha256:404051050cd7e905de2c9a7e61790943440b3416f49cb409f965d9dcd0fa73e9"},
]

[[package]]
name = "uvloop"
version = "0.22.1"
requires_python = ">=3.8.1"
summary = "Fast implementation of asyncio event loop on top of libuv"
groups = ["default"]
marker = "(sys_platform != \"cygwin\" and sys_platform != \"win32\") and platform_python_implementation != \"PyPy\""
files = [
    {file = "uvloop-0.22.1-cp311-cp311-macosx_10_9_universal2.whl", hash = "sha256:c60ebcd36f7b240b30788554b6f0782454826a0ed765d8430652621b5de674b9"},
    {file = "uvloop-0.22.1-cp311-cp311-macosx_10_9_x86_64.whl", hash = "sha256:3b7f102bf3cb1995cfeaee9321105e8f5da76fdb104cdad8986f85461a1b7b77"},
    {file = "uvloop-0.22.1-cp311-cp311-manylinux2014_aarch64.manylinux_2_17_aarch64.manylinux_2_28_aarch64.whl", hash = "sha256:53c85520781d84a4b8b230e24a5af5b0778efdb39142b424990ff1ef7c48ba21"},
    {file = "uvloop-0.22.1-cp311-cp311-manylinux2014_x86_64.manylinux_2_17_x86_64.manylinux_2_28_x86_64.whl", hash = "sha256:56a2d1fae65fd82197cb8c53c367310b3eabe1bbb9fb5a04d28e3e3520e4f702"},
    {file = "uvloop-0.22.1-cp311-cp311-musllinux_1_2_aarch64.whl", hash = "sha256:40631b049d5972c6755b06d0bfe8233b1bd9a8a6392d9d1c45c10b6f9e9b2733"},
    {file = "uvloop-0.22.1-cp311-cp311-musllinux_1_2_x86_64.whl", hash = "sha256:535cc37b3a04f6cd2c1ef65fa1d370c9a35b6695df735fcff5427323f2cd5473"},
    {file = "uvloop-0.22.1.tar.gz", hash = "sha256:6c84bae345b9147082b17371e3dd5d42775bddce91f885499017f4607fdaf39f"},
]

[[package]]
name = "watchfiles"
version = "1.1.1"
requires_python = ">=3.9"
summary = "Simple, modern and high performance file watching and code reload in python."
groups = ["default"]
dependencies = [
    "anyio>=3.0.0",
]
files = [
    {file = "watchfiles-1.1.1-cp311-cp311-macosx_10_12_x86_64.whl", hash = "sha256:f57b396167a2565a4e8b5e56a5a1c537571733992b226f4f1197d79e94cf0ae5"},
    {file = "watchfiles-1.1.1-cp311-cp311-macosx_11_0_arm64.whl", hash = "sha256:421e29339983e1bebc281fab40d812742268ad057db4aee8c4d2bce0af43b741"},
    {file = "watchfiles-1.1.1-cp311-cp311-manylinux_2_17_aarch64.manylinux2014_aarch64.whl", hash = "sha256:6e43d39a741e972bab5d8100b5cdacf69db64e34eb19b6e9af162bccf63c5cc6"},
    {file = "watchfiles-1.1.1-cp311-cp311-manylinux_2_17_armv7l.manylinux2014_armv7l.whl", hash = "sha256:f537afb3276d12814082a2e9b242bdcf416c2e8fd9f799a737990a1dbe906e5b"},
    {file = "watchfiles-1.1.1-cp311-cp311-manylinux_2_17_i686.manylinux2014_i686.whl", hash = "sha256:b2cd9e04277e756a2e2d2543d65d1e2166d6fd4c9b183f8808634fda23f17b14"},
    {file = "watchfiles-1.1.1-cp311-cp311-manylinux_2_17_ppc64le.manylinux2014_ppc64le.whl", hash = "sha256:5f3f58818dc0b07f7d9aa7fe9eb1037aecb9700e63e1f6acfed13e9fef648f5d"},
    {file = "watchfiles-1.1.1-cp311-cp311-manylinux_2_17_s390x.manylinux2014_s390x.whl", hash = "sha256:9bb9f66367023ae783551042d31b1d7fd422e8289eedd91f26754a66f44d5cff"},
    {file = "watchfiles-1.1.1-cp311-cp311-manylinux_2_17_x86_64.manylinux2014_x86_64.whl", hash = "sha256:aebfd0861a83e6c3d1110b78ad54704486555246e542be3e2bb94195eabb2606"},
    {file = "watchfiles-1.1.1-cp311-cp311-musllinux_1_1_aarch64.whl", hash = "sha256:5fac835b4ab3c6487b5dbad78c4b3724e26bcc468e886f8ba8cc4306f68f6701"},
    {file = "watchfiles-1.1.1-cp311-cp311-musllinux_1_1_x86_64.whl", hash = "sha256:399600947b170270e80134ac854e21b3ccdefa11a9529a3decc1327088180f10"},
    {file = "watchfiles-1.1.1-cp311-cp311-win32.whl", hash = "sha256:de6da501c883f58ad50db3a32ad397b09ad29865b5f26f64c24d3e3281685849"},
    {file = "watchfiles-1.1.1-cp311-cp311-win_amd64.whl", hash = "sha256:35c53bd62a0b885bf653ebf6b700d1bf05debb78ad9292cf2a942b23513dc4c4"},
    {file = "watchfiles-1.1.1-cp311-cp311-win_arm64.whl", hash = "sha256:57ca5281a8b5e27593cb7d82c2ac927ad88a96ed406aa446f6344e4328208e9e"},
    {file = "watchfiles-1.1.1-pp311-pypy311_pp73-macosx_10_12_x86_64.whl", hash = "sha256:db476ab59b6765134de1d4fe96a1a9c96ddf091683599be0f26147ea1b2e4b88"},
    {file = "watchfiles-1.1.1-pp311-pypy311_pp73-macosx_11_0_arm64.whl", hash = "sha256:89eef07eee5e9d1fda06e38822ad167a044153457e6fd997f8a858ab7564a336"},
    {file = "watchfiles-1.1.1-pp311-pypy311_pp73-manylinux_2_17_aarch64.manylinux2014_aarch64.whl", hash = "sha256:ce19e06cbda693e9e7686358af9cd6f5d61312ab8b00488bc36f5aabbaf77e24"},
    {file = "watchfiles-1.1.1-pp311-pypy311_pp73-manylinux_2_17_x86_64.manylinux2014_x86_64.whl", hash = "sha256:3e6f39af2eab0118338902798b5aa6664f46ff66bc0280de76fca67a7f262a49"},
    {file = "watchfiles-1.1.1.tar.gz", hash = "sha256:a173cb5c16c4f40ab19cecf48a534c409f7ea983ab8fed0741304a1c0a31b3f2"},
]

[[package]]
name = "websockets"
version = "16.0"
requires_python = ">=3.10"
summary = "An implementation of the WebSocket Protocol (RFC 6455 & 7692)"
groups = ["default"]
files = [
    {file = "websockets-16.0-cp311-cp311-macosx_10_9_universal2.whl", hash = "sha256:31a52addea25187bde0797a97d6fc3d2f92b6f72a9370792d65a6e84615ac8a8"},
    {file = "websockets-16.0-cp311-cp311-macosx_10_9_x86_64.whl", hash = "sha256:417b28978cdccab24f46400586d128366313e8a96312e4b9362a4af504f3bbad"},
    {file = "websockets-16.0-cp311-cp311-macosx_11_0_arm64.whl", hash = "sha256:af80d74d4edfa3cb9ed973a0a5ba2b2a549371f8a741e0800cb07becdd20f23d"},
    {file = "websockets-16.0-cp311-cp311-manylinux1_x86_64.manylinux_2_28_x86_64.manylinux_2_5_x86_64.whl", hash = "sha256:08d7af67b64d29823fed316505a89b86705f2b7981c07848fb5e3ea3020c1abe"},
    {file = "websockets-16.0-cp311-cp311-manylinux2014_aarch64.manylinux_2_17_aarch64.manylinux_2_28_aarch64.whl", hash = "sha256:7be95cfb0a4dae143eaed2bcba8ac23f4892d8971311f1b06f3c6b78952ee70b"},
    {file = "websockets-16.0-cp311-cp311-musllinux_1_2_aarch64.whl", hash = "sha256:d6297ce39ce5c2e6feb13c1a996a2ded3b6832155fcfc920265c76f24c7cceb5"},
    {file = "websockets-16.0-cp311-cp311-musllinux_1_2_x86_64.whl", hash = "sha256:1c1b30e4f497b0b354057f3467f56244c603a79c0d1dafce1d16c283c25f6e64"},
    {file = "websockets-16.0-cp311-cp311-win32.whl", hash = "sha256:5f451484aeb5cafee1ccf789b1b66f535409d038c56966d6101740c1614b86c6"},
    {file = "websockets-16.0-cp311-cp311-win_amd64.whl", hash = "sha256:8d7f0659570eefb578dacde98e24fb60af35350193e4f56e11190787bee77dac"},
    {file = "websockets-16.0-pp311-pypy311_pp73-macosx_10_15_x86_64.whl", hash = "sha256:349f83cd6c9a415428ee1005cadb5c2c56f4389bc06a9af16103c3bc3dcc8b7d"},
    {file = "websockets-16.0-pp311-pypy311_pp73-macosx_11_0_arm64.whl", hash = "sha256:4a1aba3340a8dca8db6eb5a7986157f52eb9e436b74813764241981ca4888f03"},
    {file = "websockets-16.0-pp311-pypy311_pp73-manylinux1_x86_64.manylinux_2_28_x86_64.manylinux_2_5_x86_64.whl", hash = "sha256:f4a32d1bd841d4bcbffdcb3d2ce50c09c3909fbead375ab28d0181af89fd04da"},
    {file = "websockets-16.0-pp311-pypy311_pp73-manylinux2014_aarch64.manylinux_2_17_aarch64.manylinux_2_28_aarch64.whl", hash = "sha256:0298d07ee155e2e9fda5be8a9042200dd2e3bb0b8a38482156576f863a9d457c"},
    {file = "websockets-16.0-pp311-pypy311_pp73-win_amd64.whl", hash = "sha256:a653aea902e0324b52f1613332ddf50b00c06fdaf7e92624fbf8c77c78fa5767"},
    {file = "websockets-16.0-py3-none-any.whl", hash = "sha256:1637db62fad1dc833276dded54215f2c7fa46912301a24bd94d45d46a011ceec"},
    {file = "websockets-16.0.tar.gz", hash = "sha256:5f6261a5e56e8d5c42a4497b364ea24d94d9563e8fbd44e78ac40879c60179b5"},
]

[[package]]
name = "wrapt"
version = "1.17.3"
requires_python = ">=3.8"
summary = "Module for decorators, wrappers and monkey patching."
groups = ["default"]
files = [
    {file = "wrapt-1.17.3-cp311-cp311-macosx_10_9_universal2.whl", hash = "sha256:273a736c4645e63ac582c60a56b0acb529ef07f78e08dc6bfadf6a46b19c0da7"},
    {file = "wrapt-1.17.3-cp311-cp311-macosx_10_9_x86_64.whl", hash = "sha256:5531d911795e3f935a9c23eb1c8c03c211661a5060aab167065896bbf62a5f85"},
    {file = "wrapt-1.17.3-cp311-cp311-macosx_11_0_arm64.whl", hash = "sha256:0610b46293c59a3adbae3dee552b648b984176f8562ee0dba099a56cfbe4df1f"},
    {file = "wrapt-1.17.3-cp311-cp311-manylinux1_x86_64.manylinux_2_28_x86_64.manylinux_2_5_x86_64.whl", hash = "sha256:b32888aad8b6e68f83a8fdccbf3165f5469702a7544472bdf41f582970ed3311"},
    {file = "wrapt-1.17.3-cp311-cp311-manylinux2014_aarch64.manylinux_2_17_aarch64.manylinux_2_28_aarch64.whl", hash = "sha256:8cccf4f81371f257440c88faed6b74f1053eef90807b77e31ca057b2db74edb1"},
    {file = "wrapt-1.17.3-cp311-cp311-musllinux_1_2_aarch64.whl", hash = "sha256:d8a210b158a34164de8bb68b0e7780041a903d7b00c87e906fb69928bf7890d5"},
    {file = "wrapt-1.17.3-cp311-cp311-musllinux_1_2_x86_64.whl", hash = "sha256:79573c24a46ce11aab457b472efd8d125e5a51da2d1d24387666cd85f54c05b2"},
    {file = "wrapt-1.17.3-cp311-cp311-win32.whl", hash = "sha256:c31eebe420a9a5d2887b13000b043ff6ca27c452a9a22fa71f35f118e8d4bf89"},
    {file = "wrapt-1.17.3-cp311-cp311-win_amd64.whl", hash = "sha256:0b1831115c97f0663cb77aa27d381237e73ad4f721391a9bfb2fe8bc25fa6e77"},
    {file = "wrapt-1.17.3-cp311-cp311-win_arm64.whl", hash = "sha256:5a7b3c1ee8265eb4c8f1b7d29943f195c00673f5ab60c192eba2d4a7eae5f46a"},
    {file = "wrapt-1.17.3-py3-none-any.whl", hash = "sha256:7171ae35d2c33d326ac19dd8facb1e82e5fd04ef8c6c0e394d7af55a55051c22"},
    {file = "wrapt-1.17.3.tar.gz", hash = "sha256:f66eb08feaa410fe4eebd17f2a2c8e2e46d3476e9f8c783daa8e09e0faa666d0"},
]
